// !$*UTF8*$!
{
	archiveVersion = 1;
	classes = {
	};
	objectVersion = 48;
	objects = {

/* Begin PBXBuildFile section */
		9754961D1F1CBED40045277F /* Home.storyboard in Resources */ = {isa = PBXBuildFile; fileRef = 9754961B1F1CBED40045277F /* Home.storyboard */; };
		975496201F1CBF850045277F /* AccountFlow.storyboard in Resources */ = {isa = PBXBuildFile; fileRef = 9754961E1F1CBF850045277F /* AccountFlow.storyboard */; };
		975496261F1CC3AE0045277F /* BorrowFlow.storyboard in Resources */ = {isa = PBXBuildFile; fileRef = 975496241F1CC3AE0045277F /* BorrowFlow.storyboard */; };
		9777A1251F1CBC9D00F88199 /* Account.storyboard in Resources */ = {isa = PBXBuildFile; fileRef = 9777A1231F1CBC9D00F88199 /* Account.storyboard */; };
		9777A1281F1CBD1400F88199 /* Borrow.storyboard in Resources */ = {isa = PBXBuildFile; fileRef = 9777A1261F1CBD1400F88199 /* Borrow.storyboard */; };
		97B06C731F0D0FD700FE8588 /* AppDelegate.swift in Sources */ = {isa = PBXBuildFile; fileRef = 97B06C721F0D0FD700FE8588 /* AppDelegate.swift */; };
		97B06C7A1F0D0FD700FE8588 /* Main.storyboard in Resources */ = {isa = PBXBuildFile; fileRef = 97B06C781F0D0FD700FE8588 /* Main.storyboard */; };
		97B06C7C1F0D0FD700FE8588 /* Assets.xcassets in Resources */ = {isa = PBXBuildFile; fileRef = 97B06C7B1F0D0FD700FE8588 /* Assets.xcassets */; };
		97B06C7F1F0D0FD700FE8588 /* LaunchScreen.storyboard in Resources */ = {isa = PBXBuildFile; fileRef = 97B06C7D1F0D0FD700FE8588 /* LaunchScreen.storyboard */; };
		97B06C8A1F0D0FD800FE8588 /* SLBorrowTests.swift in Sources */ = {isa = PBXBuildFile; fileRef = 97B06C891F0D0FD800FE8588 /* SLBorrowTests.swift */; };
		97B06C951F0D0FD800FE8588 /* SLBorrowUITests.swift in Sources */ = {isa = PBXBuildFile; fileRef = 97B06C941F0D0FD800FE8588 /* SLBorrowUITests.swift */; };
		97B584DA1F15EF2500D28FEE /* SLBorrowController.swift in Sources */ = {isa = PBXBuildFile; fileRef = 97B584D91F15EF2500D28FEE /* SLBorrowController.swift */; };
		97B584DC1F15EF4500D28FEE /* SLAccountController.swift in Sources */ = {isa = PBXBuildFile; fileRef = 97B584DB1F15EF4500D28FEE /* SLAccountController.swift */; };
		97B584E01F15F7C700D28FEE /* SLHomeController.swift in Sources */ = {isa = PBXBuildFile; fileRef = 97B584DF1F15F7C700D28FEE /* SLHomeController.swift */; };
		97B584E21F15FACC00D28FEE /* SLSegmentedControl.swift in Sources */ = {isa = PBXBuildFile; fileRef = 97B584E11F15FACC00D28FEE /* SLSegmentedControl.swift */; };
		97B584E41F15FAEE00D28FEE /* SLSegmentedControl.xib in Resources */ = {isa = PBXBuildFile; fileRef = 97B584E31F15FAEE00D28FEE /* SLSegmentedControl.xib */; };
/* End PBXBuildFile section */

/* Begin PBXContainerItemProxy section */
		97B06C861F0D0FD800FE8588 /* PBXContainerItemProxy */ = {
			isa = PBXContainerItemProxy;
			containerPortal = 97B06C671F0D0FD700FE8588 /* Project object */;
			proxyType = 1;
			remoteGlobalIDString = 97B06C6E1F0D0FD700FE8588;
			remoteInfo = SLBorrow;
		};
		97B06C911F0D0FD800FE8588 /* PBXContainerItemProxy */ = {
			isa = PBXContainerItemProxy;
			containerPortal = 97B06C671F0D0FD700FE8588 /* Project object */;
			proxyType = 1;
			remoteGlobalIDString = 97B06C6E1F0D0FD700FE8588;
			remoteInfo = SLBorrow;
		};
/* End PBXContainerItemProxy section */

/* Begin PBXFileReference section */
		9754961C1F1CBED40045277F /* Base */ = {isa = PBXFileReference; lastKnownFileType = file.storyboard; name = Base; path = SLBorrow/Base.lproj/Home.storyboard; sourceTree = "<group>"; };
		9754961F1F1CBF850045277F /* Base */ = {isa = PBXFileReference; lastKnownFileType = file.storyboard; name = Base; path = SLBorrow/Base.lproj/AccountFlow.storyboard; sourceTree = "<group>"; };
		975496251F1CC3AE0045277F /* Base */ = {isa = PBXFileReference; lastKnownFileType = file.storyboard; name = Base; path = SLBorrow/Base.lproj/BorrowFlow.storyboard; sourceTree = "<group>"; };
		9777A1241F1CBC9D00F88199 /* Base */ = {isa = PBXFileReference; lastKnownFileType = file.storyboard; name = Base; path = SLBorrow/Base.lproj/Account.storyboard; sourceTree = "<group>"; };
		9777A1271F1CBD1400F88199 /* Base */ = {isa = PBXFileReference; lastKnownFileType = file.storyboard; name = Base; path = SLBorrow/Base.lproj/Borrow.storyboard; sourceTree = "<group>"; };
		97B06C6F1F0D0FD700FE8588 /* SLBorrow.app */ = {isa = PBXFileReference; explicitFileType = wrapper.application; includeInIndex = 0; path = SLBorrow.app; sourceTree = BUILT_PRODUCTS_DIR; };
		97B06C721F0D0FD700FE8588 /* AppDelegate.swift */ = {isa = PBXFileReference; lastKnownFileType = sourcecode.swift; path = AppDelegate.swift; sourceTree = "<group>"; };
		97B06C791F0D0FD700FE8588 /* Base */ = {isa = PBXFileReference; lastKnownFileType = file.storyboard; name = Base; path = Base.lproj/Main.storyboard; sourceTree = "<group>"; };
		97B06C7B1F0D0FD700FE8588 /* Assets.xcassets */ = {isa = PBXFileReference; lastKnownFileType = folder.assetcatalog; path = Assets.xcassets; sourceTree = "<group>"; };
		97B06C7E1F0D0FD700FE8588 /* Base */ = {isa = PBXFileReference; lastKnownFileType = file.storyboard; name = Base; path = Base.lproj/LaunchScreen.storyboard; sourceTree = "<group>"; };
		97B06C801F0D0FD700FE8588 /* Info.plist */ = {isa = PBXFileReference; lastKnownFileType = text.plist.xml; path = Info.plist; sourceTree = "<group>"; };
		97B06C851F0D0FD800FE8588 /* SLBorrowTests.xctest */ = {isa = PBXFileReference; explicitFileType = wrapper.cfbundle; includeInIndex = 0; path = SLBorrowTests.xctest; sourceTree = BUILT_PRODUCTS_DIR; };
		97B06C891F0D0FD800FE8588 /* SLBorrowTests.swift */ = {isa = PBXFileReference; lastKnownFileType = sourcecode.swift; path = SLBorrowTests.swift; sourceTree = "<group>"; };
		97B06C8B1F0D0FD800FE8588 /* Info.plist */ = {isa = PBXFileReference; lastKnownFileType = text.plist.xml; path = Info.plist; sourceTree = "<group>"; };
		97B06C901F0D0FD800FE8588 /* SLBorrowUITests.xctest */ = {isa = PBXFileReference; explicitFileType = wrapper.cfbundle; includeInIndex = 0; path = SLBorrowUITests.xctest; sourceTree = BUILT_PRODUCTS_DIR; };
		97B06C941F0D0FD800FE8588 /* SLBorrowUITests.swift */ = {isa = PBXFileReference; lastKnownFileType = sourcecode.swift; path = SLBorrowUITests.swift; sourceTree = "<group>"; };
		97B06C961F0D0FD800FE8588 /* Info.plist */ = {isa = PBXFileReference; lastKnownFileType = text.plist.xml; path = Info.plist; sourceTree = "<group>"; };
		97B584D91F15EF2500D28FEE /* SLBorrowController.swift */ = {isa = PBXFileReference; lastKnownFileType = sourcecode.swift; path = SLBorrowController.swift; sourceTree = "<group>"; };
		97B584DB1F15EF4500D28FEE /* SLAccountController.swift */ = {isa = PBXFileReference; lastKnownFileType = sourcecode.swift; path = SLAccountController.swift; sourceTree = "<group>"; };
		97B584DF1F15F7C700D28FEE /* SLHomeController.swift */ = {isa = PBXFileReference; lastKnownFileType = sourcecode.swift; path = SLHomeController.swift; sourceTree = "<group>"; };
		97B584E11F15FACC00D28FEE /* SLSegmentedControl.swift */ = {isa = PBXFileReference; lastKnownFileType = sourcecode.swift; path = SLSegmentedControl.swift; sourceTree = "<group>"; };
		97B584E31F15FAEE00D28FEE /* SLSegmentedControl.xib */ = {isa = PBXFileReference; lastKnownFileType = file.xib; path = SLSegmentedControl.xib; sourceTree = "<group>"; };
		97D584CF1F1CD7D6006CE7F6 /* README.md */ = {isa = PBXFileReference; lastKnownFileType = net.daringfireball.markdown; path = README.md; sourceTree = "<group>"; };
		97D584D01F1CD7DB006CE7F6 /* 2017-07-17 19_03_36.gif */ = {isa = PBXFileReference; lastKnownFileType = image.gif; path = "2017-07-17 19_03_36.gif"; sourceTree = "<group>"; };
/* End PBXFileReference section */

/* Begin PBXFrameworksBuildPhase section */
		97B06C6C1F0D0FD700FE8588 /* Frameworks */ = {
			isa = PBXFrameworksBuildPhase;
			buildActionMask = 2147483647;
			files = (
			);
			runOnlyForDeploymentPostprocessing = 0;
		};
		97B06C821F0D0FD800FE8588 /* Frameworks */ = {
			isa = PBXFrameworksBuildPhase;
			buildActionMask = 2147483647;
			files = (
			);
			runOnlyForDeploymentPostprocessing = 0;
		};
		97B06C8D1F0D0FD800FE8588 /* Frameworks */ = {
			isa = PBXFrameworksBuildPhase;
			buildActionMask = 2147483647;
			files = (
			);
			runOnlyForDeploymentPostprocessing = 0;
		};
/* End PBXFrameworksBuildPhase section */

/* Begin PBXGroup section */
		97B06C661F0D0FD700FE8588 = {
			isa = PBXGroup;
			children = (
				97D584D01F1CD7DB006CE7F6 /* 2017-07-17 19_03_36.gif */,
				97D584CF1F1CD7D6006CE7F6 /* README.md */,
				975496241F1CC3AE0045277F /* BorrowFlow.storyboard */,
				9754961E1F1CBF850045277F /* AccountFlow.storyboard */,
				9754961B1F1CBED40045277F /* Home.storyboard */,
				9777A1261F1CBD1400F88199 /* Borrow.storyboard */,
				9777A1231F1CBC9D00F88199 /* Account.storyboard */,
				97B06C711F0D0FD700FE8588 /* SLBorrow */,
				97B06C881F0D0FD800FE8588 /* SLBorrowTests */,
				97B06C931F0D0FD800FE8588 /* SLBorrowUITests */,
				97B06C701F0D0FD700FE8588 /* Products */,
			);
			sourceTree = "<group>";
		};
		97B06C701F0D0FD700FE8588 /* Products */ = {
			isa = PBXGroup;
			children = (
				97B06C6F1F0D0FD700FE8588 /* SLBorrow.app */,
				97B06C851F0D0FD800FE8588 /* SLBorrowTests.xctest */,
				97B06C901F0D0FD800FE8588 /* SLBorrowUITests.xctest */,
			);
			name = Products;
			sourceTree = "<group>";
		};
		97B06C711F0D0FD700FE8588 /* SLBorrow */ = {
			isa = PBXGroup;
			children = (
				97B06C721F0D0FD700FE8588 /* AppDelegate.swift */,
				97B584D91F15EF2500D28FEE /* SLBorrowController.swift */,
				97B584DB1F15EF4500D28FEE /* SLAccountController.swift */,
				97B584DF1F15F7C700D28FEE /* SLHomeController.swift */,
				97B584E11F15FACC00D28FEE /* SLSegmentedControl.swift */,
				97B584E31F15FAEE00D28FEE /* SLSegmentedControl.xib */,
				97B06C781F0D0FD700FE8588 /* Main.storyboard */,
				97B06C7B1F0D0FD700FE8588 /* Assets.xcassets */,
				97B06C7D1F0D0FD700FE8588 /* LaunchScreen.storyboard */,
				97B06C801F0D0FD700FE8588 /* Info.plist */,
			);
			path = SLBorrow;
			sourceTree = "<group>";
		};
		97B06C881F0D0FD800FE8588 /* SLBorrowTests */ = {
			isa = PBXGroup;
			children = (
				97B06C891F0D0FD800FE8588 /* SLBorrowTests.swift */,
				97B06C8B1F0D0FD800FE8588 /* Info.plist */,
			);
			path = SLBorrowTests;
			sourceTree = "<group>";
		};
		97B06C931F0D0FD800FE8588 /* SLBorrowUITests */ = {
			isa = PBXGroup;
			children = (
				97B06C941F0D0FD800FE8588 /* SLBorrowUITests.swift */,
				97B06C961F0D0FD800FE8588 /* Info.plist */,
			);
			path = SLBorrowUITests;
			sourceTree = "<group>";
		};
/* End PBXGroup section */

/* Begin PBXNativeTarget section */
		97B06C6E1F0D0FD700FE8588 /* SLBorrow */ = {
			isa = PBXNativeTarget;
			buildConfigurationList = 97B06C991F0D0FD800FE8588 /* Build configuration list for PBXNativeTarget "SLBorrow" */;
			buildPhases = (
				97B06C6B1F0D0FD700FE8588 /* Sources */,
				97B06C6C1F0D0FD700FE8588 /* Frameworks */,
				97B06C6D1F0D0FD700FE8588 /* Resources */,
			);
			buildRules = (
			);
			dependencies = (
			);
			name = SLBorrow;
			productName = SLBorrow;
			productReference = 97B06C6F1F0D0FD700FE8588 /* SLBorrow.app */;
			productType = "com.apple.product-type.application";
		};
		97B06C841F0D0FD800FE8588 /* SLBorrowTests */ = {
			isa = PBXNativeTarget;
			buildConfigurationList = 97B06C9C1F0D0FD800FE8588 /* Build configuration list for PBXNativeTarget "SLBorrowTests" */;
			buildPhases = (
				97B06C811F0D0FD800FE8588 /* Sources */,
				97B06C821F0D0FD800FE8588 /* Frameworks */,
				97B06C831F0D0FD800FE8588 /* Resources */,
			);
			buildRules = (
			);
			dependencies = (
				97B06C871F0D0FD800FE8588 /* PBXTargetDependency */,
			);
			name = SLBorrowTests;
			productName = SLBorrowTests;
			productReference = 97B06C851F0D0FD800FE8588 /* SLBorrowTests.xctest */;
			productType = "com.apple.product-type.bundle.unit-test";
		};
		97B06C8F1F0D0FD800FE8588 /* SLBorrowUITests */ = {
			isa = PBXNativeTarget;
			buildConfigurationList = 97B06C9F1F0D0FD800FE8588 /* Build configuration list for PBXNativeTarget "SLBorrowUITests" */;
			buildPhases = (
				97B06C8C1F0D0FD800FE8588 /* Sources */,
				97B06C8D1F0D0FD800FE8588 /* Frameworks */,
				97B06C8E1F0D0FD800FE8588 /* Resources */,
			);
			buildRules = (
			);
			dependencies = (
				97B06C921F0D0FD800FE8588 /* PBXTargetDependency */,
			);
			name = SLBorrowUITests;
			productName = SLBorrowUITests;
			productReference = 97B06C901F0D0FD800FE8588 /* SLBorrowUITests.xctest */;
			productType = "com.apple.product-type.bundle.ui-testing";
		};
/* End PBXNativeTarget section */

/* Begin PBXProject section */
		97B06C671F0D0FD700FE8588 /* Project object */ = {
			isa = PBXProject;
			attributes = {
				LastSwiftUpdateCheck = 0900;
				LastUpgradeCheck = 0900;
				ORGANIZATIONNAME = "幸福钱庄";
				TargetAttributes = {
					97B06C6E1F0D0FD700FE8588 = {
						CreatedOnToolsVersion = 9.0;
					};
					97B06C841F0D0FD800FE8588 = {
						CreatedOnToolsVersion = 9.0;
						TestTargetID = 97B06C6E1F0D0FD700FE8588;
					};
					97B06C8F1F0D0FD800FE8588 = {
						CreatedOnToolsVersion = 9.0;
						TestTargetID = 97B06C6E1F0D0FD700FE8588;
					};
				};
			};
			buildConfigurationList = 97B06C6A1F0D0FD700FE8588 /* Build configuration list for PBXProject "SLBorrow" */;
			compatibilityVersion = "Xcode 8.0";
			developmentRegion = en;
			hasScannedForEncodings = 0;
			knownRegions = (
				en,
				Base,
			);
			mainGroup = 97B06C661F0D0FD700FE8588;
			productRefGroup = 97B06C701F0D0FD700FE8588 /* Products */;
			projectDirPath = "";
			projectRoot = "";
			targets = (
				97B06C6E1F0D0FD700FE8588 /* SLBorrow */,
				97B06C841F0D0FD800FE8588 /* SLBorrowTests */,
				97B06C8F1F0D0FD800FE8588 /* SLBorrowUITests */,
			);
		};
/* End PBXProject section */

/* Begin PBXResourcesBuildPhase section */
		97B06C6D1F0D0FD700FE8588 /* Resources */ = {
			isa = PBXResourcesBuildPhase;
			buildActionMask = 2147483647;
			files = (
				9754961D1F1CBED40045277F /* Home.storyboard in Resources */,
				975496261F1CC3AE0045277F /* BorrowFlow.storyboard in Resources */,
				9777A1281F1CBD1400F88199 /* Borrow.storyboard in Resources */,
				975496201F1CBF850045277F /* AccountFlow.storyboard in Resources */,
				97B06C7F1F0D0FD700FE8588 /* LaunchScreen.storyboard in Resources */,
				97B06C7C1F0D0FD700FE8588 /* Assets.xcassets in Resources */,
				97B06C7A1F0D0FD700FE8588 /* Main.storyboard in Resources */,
				97B584E41F15FAEE00D28FEE /* SLSegmentedControl.xib in Resources */,
				9777A1251F1CBC9D00F88199 /* Account.storyboard in Resources */,
			);
			runOnlyForDeploymentPostprocessing = 0;
		};
		97B06C831F0D0FD800FE8588 /* Resources */ = {
			isa = PBXResourcesBuildPhase;
			buildActionMask = 2147483647;
			files = (
			);
			runOnlyForDeploymentPostprocessing = 0;
		};
		97B06C8E1F0D0FD800FE8588 /* Resources */ = {
			isa = PBXResourcesBuildPhase;
			buildActionMask = 2147483647;
			files = (
			);
			runOnlyForDeploymentPostprocessing = 0;
		};
/* End PBXResourcesBuildPhase section */

/* Begin PBXSourcesBuildPhase section */
		97B06C6B1F0D0FD700FE8588 /* Sources */ = {
			isa = PBXSourcesBuildPhase;
			buildActionMask = 2147483647;
			files = (
				97B584DC1F15EF4500D28FEE /* SLAccountController.swift in Sources */,
				97B584E01F15F7C700D28FEE /* SLHomeController.swift in Sources */,
				97B584E21F15FACC00D28FEE /* SLSegmentedControl.swift in Sources */,
				97B06C731F0D0FD700FE8588 /* AppDelegate.swift in Sources */,
				97B584DA1F15EF2500D28FEE /* SLBorrowController.swift in Sources */,
			);
			runOnlyForDeploymentPostprocessing = 0;
		};
		97B06C811F0D0FD800FE8588 /* Sources */ = {
			isa = PBXSourcesBuildPhase;
			buildActionMask = 2147483647;
			files = (
				97B06C8A1F0D0FD800FE8588 /* SLBorrowTests.swift in Sources */,
			);
			runOnlyForDeploymentPostprocessing = 0;
		};
		97B06C8C1F0D0FD800FE8588 /* Sources */ = {
			isa = PBXSourcesBuildPhase;
			buildActionMask = 2147483647;
			files = (
				97B06C951F0D0FD800FE8588 /* SLBorrowUITests.swift in Sources */,
			);
			runOnlyForDeploymentPostprocessing = 0;
		};
/* End PBXSourcesBuildPhase section */

/* Begin PBXTargetDependency section */
		97B06C871F0D0FD800FE8588 /* PBXTargetDependency */ = {
			isa = PBXTargetDependency;
			target = 97B06C6E1F0D0FD700FE8588 /* SLBorrow */;
			targetProxy = 97B06C861F0D0FD800FE8588 /* PBXContainerItemProxy */;
		};
		97B06C921F0D0FD800FE8588 /* PBXTargetDependency */ = {
			isa = PBXTargetDependency;
			target = 97B06C6E1F0D0FD700FE8588 /* SLBorrow */;
			targetProxy = 97B06C911F0D0FD800FE8588 /* PBXContainerItemProxy */;
		};
/* End PBXTargetDependency section */

/* Begin PBXVariantGroup section */
		9754961B1F1CBED40045277F /* Home.storyboard */ = {
			isa = PBXVariantGroup;
			children = (
				9754961C1F1CBED40045277F /* Base */,
			);
			name = Home.storyboard;
			sourceTree = "<group>";
		};
		9754961E1F1CBF850045277F /* AccountFlow.storyboard */ = {
			isa = PBXVariantGroup;
			children = (
				9754961F1F1CBF850045277F /* Base */,
			);
			name = AccountFlow.storyboard;
			sourceTree = "<group>";
		};
		975496241F1CC3AE0045277F /* BorrowFlow.storyboard */ = {
			isa = PBXVariantGroup;
			children = (
				975496251F1CC3AE0045277F /* Base */,
			);
			name = BorrowFlow.storyboard;
			sourceTree = "<group>";
		};
		9777A1231F1CBC9D00F88199 /* Account.storyboard */ = {
			isa = PBXVariantGroup;
			children = (
				9777A1241F1CBC9D00F88199 /* Base */,
			);
			name = Account.storyboard;
			sourceTree = "<group>";
		};
		9777A1261F1CBD1400F88199 /* Borrow.storyboard */ = {
			isa = PBXVariantGroup;
			children = (
				9777A1271F1CBD1400F88199 /* Base */,
			);
			name = Borrow.storyboard;
			sourceTree = "<group>";
		};
		97B06C781F0D0FD700FE8588 /* Main.storyboard */ = {
			isa = PBXVariantGroup;
			children = (
				97B06C791F0D0FD700FE8588 /* Base */,
			);
			name = Main.storyboard;
			sourceTree = "<group>";
		};
		97B06C7D1F0D0FD700FE8588 /* LaunchScreen.storyboard */ = {
			isa = PBXVariantGroup;
			children = (
				97B06C7E1F0D0FD700FE8588 /* Base */,
			);
			name = LaunchScreen.storyboard;
			sourceTree = "<group>";
		};
/* End PBXVariantGroup section */

/* Begin XCBuildConfiguration section */
		97B06C971F0D0FD800FE8588 /* Debug */ = {
			isa = XCBuildConfiguration;
			buildSettings = {
				ALWAYS_SEARCH_USER_PATHS = NO;
				CLANG_ANALYZER_NONNULL = YES;
				CLANG_ANALYZER_NUMBER_OBJECT_CONVERSION = YES_AGGRESSIVE;
				CLANG_CXX_LANGUAGE_STANDARD = "gnu++14";
				CLANG_CXX_LIBRARY = "libc++";
				CLANG_ENABLE_MODULES = YES;
				CLANG_ENABLE_OBJC_ARC = YES;
				CLANG_WARN_BLOCK_CAPTURE_AUTORELEASING = YES;
				CLANG_WARN_BOOL_CONVERSION = YES;
				CLANG_WARN_COMMA = YES;
				CLANG_WARN_CONSTANT_CONVERSION = YES;
				CLANG_WARN_DIRECT_OBJC_ISA_USAGE = YES_ERROR;
				CLANG_WARN_DOCUMENTATION_COMMENTS = YES;
				CLANG_WARN_EMPTY_BODY = YES;
				CLANG_WARN_ENUM_CONVERSION = YES;
				CLANG_WARN_INFINITE_RECURSION = YES;
				CLANG_WARN_INT_CONVERSION = YES;
				CLANG_WARN_OBJC_ROOT_CLASS = YES_ERROR;
				CLANG_WARN_RANGE_LOOP_ANALYSIS = YES;
				CLANG_WARN_STRICT_PROTOTYPES = YES;
				CLANG_WARN_SUSPICIOUS_MOVE = YES;
				CLANG_WARN_UNGUARDED_AVAILABILITY = YES_AGGRESSIVE;
				CLANG_WARN_UNREACHABLE_CODE = YES;
				CLANG_WARN__DUPLICATE_METHOD_MATCH = YES;
				CODE_SIGN_IDENTITY = "iPhone Developer";
				COPY_PHASE_STRIP = NO;
				DEBUG_INFORMATION_FORMAT = dwarf;
				ENABLE_STRICT_OBJC_MSGSEND = YES;
				ENABLE_TESTABILITY = YES;
				GCC_C_LANGUAGE_STANDARD = gnu11;
				GCC_DYNAMIC_NO_PIC = NO;
				GCC_NO_COMMON_BLOCKS = YES;
				GCC_OPTIMIZATION_LEVEL = 0;
				GCC_PREPROCESSOR_DEFINITIONS = (
					"DEBUG=1",
					"$(inherited)",
				);
				GCC_WARN_64_TO_32_BIT_CONVERSION = YES;
				GCC_WARN_ABOUT_RETURN_TYPE = YES_ERROR;
				GCC_WARN_UNDECLARED_SELECTOR = YES;
				GCC_WARN_UNINITIALIZED_AUTOS = YES_AGGRESSIVE;
				GCC_WARN_UNUSED_FUNCTION = YES;
				GCC_WARN_UNUSED_VARIABLE = YES;
				IPHONEOS_DEPLOYMENT_TARGET = 10.3;
				MTL_ENABLE_DEBUG_INFO = YES;
				ONLY_ACTIVE_ARCH = YES;
				SDKROOT = iphoneos;
				SWIFT_ACTIVE_COMPILATION_CONDITIONS = DEBUG;
				SWIFT_OPTIMIZATION_LEVEL = "-Onone";
			};
			name = Debug;
		};
		97B06C981F0D0FD800FE8588 /* Release */ = {
			isa = XCBuildConfiguration;
			buildSettings = {
				ALWAYS_SEARCH_USER_PATHS = NO;
				CLANG_ANALYZER_NONNULL = YES;
				CLANG_ANALYZER_NUMBER_OBJECT_CONVERSION = YES_AGGRESSIVE;
				CLANG_CXX_LANGUAGE_STANDARD = "gnu++14";
				CLANG_CXX_LIBRARY = "libc++";
				CLANG_ENABLE_MODULES = YES;
				CLANG_ENABLE_OBJC_ARC = YES;
				CLANG_WARN_BLOCK_CAPTURE_AUTORELEASING = YES;
				CLANG_WARN_BOOL_CONVERSION = YES;
				CLANG_WARN_COMMA = YES;
				CLANG_WARN_CONSTANT_CONVERSION = YES;
				CLANG_WARN_DIRECT_OBJC_ISA_USAGE = YES_ERROR;
				CLANG_WARN_DOCUMENTATION_COMMENTS = YES;
				CLANG_WARN_EMPTY_BODY = YES;
				CLANG_WARN_ENUM_CONVERSION = YES;
				CLANG_WARN_INFINITE_RECURSION = YES;
				CLANG_WARN_INT_CONVERSION = YES;
				CLANG_WARN_OBJC_ROOT_CLASS = YES_ERROR;
				CLANG_WARN_RANGE_LOOP_ANALYSIS = YES;
				CLANG_WARN_STRICT_PROTOTYPES = YES;
				CLANG_WARN_SUSPICIOUS_MOVE = YES;
				CLANG_WARN_UNGUARDED_AVAILABILITY = YES_AGGRESSIVE;
				CLANG_WARN_UNREACHABLE_CODE = YES;
				CLANG_WARN__DUPLICATE_METHOD_MATCH = YES;
				CODE_SIGN_IDENTITY = "iPhone Developer";
				COPY_PHASE_STRIP = NO;
				DEBUG_INFORMATION_FORMAT = "dwarf-with-dsym";
				ENABLE_NS_ASSERTIONS = NO;
				ENABLE_STRICT_OBJC_MSGSEND = YES;
				GCC_C_LANGUAGE_STANDARD = gnu11;
				GCC_NO_COMMON_BLOCKS = YES;
				GCC_WARN_64_TO_32_BIT_CONVERSION = YES;
				GCC_WARN_ABOUT_RETURN_TYPE = YES_ERROR;
				GCC_WARN_UNDECLARED_SELECTOR = YES;
				GCC_WARN_UNINITIALIZED_AUTOS = YES_AGGRESSIVE;
				GCC_WARN_UNUSED_FUNCTION = YES;
				GCC_WARN_UNUSED_VARIABLE = YES;
				IPHONEOS_DEPLOYMENT_TARGET = 10.3;
				MTL_ENABLE_DEBUG_INFO = NO;
				SDKROOT = iphoneos;
				SWIFT_OPTIMIZATION_LEVEL = "-Owholemodule";
				VALIDATE_PRODUCT = YES;
			};
			name = Release;
		};
		97B06C9A1F0D0FD800FE8588 /* Debug */ = {
			isa = XCBuildConfiguration;
			buildSettings = {
				ASSETCATALOG_COMPILER_APPICON_NAME = AppIcon;
				DEVELOPMENT_TEAM = 863952Q9B2;
				INFOPLIST_FILE = SLBorrow/Info.plist;
				LD_RUNPATH_SEARCH_PATHS = "$(inherited) @executable_path/Frameworks";
				PRODUCT_BUNDLE_IDENTIFIER = com.slfinance.SLBorrow;
				PRODUCT_NAME = "$(TARGET_NAME)";
				SWIFT_VERSION = 4.0;
				TARGETED_DEVICE_FAMILY = "1,2";
			};
			name = Debug;
		};
		97B06C9B1F0D0FD800FE8588 /* Release */ = {
			isa = XCBuildConfiguration;
			buildSettings = {
				ASSETCATALOG_COMPILER_APPICON_NAME = AppIcon;
				DEVELOPMENT_TEAM = 863952Q9B2;
				INFOPLIST_FILE = SLBorrow/Info.plist;
				LD_RUNPATH_SEARCH_PATHS = "$(inherited) @executable_path/Frameworks";
				PRODUCT_BUNDLE_IDENTIFIER = com.slfinance.SLBorrow;
				PRODUCT_NAME = "$(TARGET_NAME)";
				SWIFT_VERSION = 4.0;
				TARGETED_DEVICE_FAMILY = "1,2";
			};
			name = Release;
		};
		97B06C9D1F0D0FD800FE8588 /* Debug */ = {
			isa = XCBuildConfiguration;
			buildSettings = {
				ALWAYS_EMBED_SWIFT_STANDARD_LIBRARIES = YES;
				BUNDLE_LOADER = "$(TEST_HOST)";
				DEVELOPMENT_TEAM = 863952Q9B2;
				INFOPLIST_FILE = SLBorrowTests/Info.plist;
				LD_RUNPATH_SEARCH_PATHS = "$(inherited) @executable_path/Frameworks @loader_path/Frameworks";
				PRODUCT_BUNDLE_IDENTIFIER = com.slfinance.SLBorrowTests;
				PRODUCT_NAME = "$(TARGET_NAME)";
				SWIFT_VERSION = 4.0;
				TARGETED_DEVICE_FAMILY = "1,2";
				TEST_HOST = "$(BUILT_PRODUCTS_DIR)/SLBorrow.app/SLBorrow";
			};
			name = Debug;
		};
		97B06C9E1F0D0FD800FE8588 /* Release */ = {
			isa = XCBuildConfiguration;
			buildSettings = {
				ALWAYS_EMBED_SWIFT_STANDARD_LIBRARIES = YES;
				BUNDLE_LOADER = "$(TEST_HOST)";
				DEVELOPMENT_TEAM = 863952Q9B2;
				INFOPLIST_FILE = SLBorrowTests/Info.plist;
				LD_RUNPATH_SEARCH_PATHS = "$(inherited) @executable_path/Frameworks @loader_path/Frameworks";
				PRODUCT_BUNDLE_IDENTIFIER = com.slfinance.SLBorrowTests;
				PRODUCT_NAME = "$(TARGET_NAME)";
				SWIFT_VERSION = 4.0;
				TARGETED_DEVICE_FAMILY = "1,2";
				TEST_HOST = "$(BUILT_PRODUCTS_DIR)/SLBorrow.app/SLBorrow";
			};
			name = Release;
		};
		97B06CA01F0D0FD800FE8588 /* Debug */ = {
			isa = XCBuildConfiguration;
			buildSettings = {
				ALWAYS_EMBED_SWIFT_STANDARD_LIBRARIES = YES;
				DEVELOPMENT_TEAM = 863952Q9B2;
				INFOPLIST_FILE = SLBorrowUITests/Info.plist;
				LD_RUNPATH_SEARCH_PATHS = "$(inherited) @executable_path/Frameworks @loader_path/Frameworks";
				PRODUCT_BUNDLE_IDENTIFIER = com.slfinance.SLBorrowUITests;
				PRODUCT_NAME = "$(TARGET_NAME)";
				SWIFT_VERSION = 4.0;
				TARGETED_DEVICE_FAMILY = "1,2";
				TEST_TARGET_NAME = SLBorrow;
			};
			name = Debug;
		};
		97B06CA11F0D0FD800FE8588 /* Release */ = {
			isa = XCBuildConfiguration;
			buildSettings = {
				ALWAYS_EMBED_SWIFT_STANDARD_LIBRARIES = YES;
				DEVELOPMENT_TEAM = 863952Q9B2;
				INFOPLIST_FILE = SLBorrowUITests/Info.plist;
				LD_RUNPATH_SEARCH_PATHS = "$(inherited) @executable_path/Frameworks @loader_path/Frameworks";
				PRODUCT_BUNDLE_IDENTIFIER = com.slfinance.SLBorrowUITests;
				PRODUCT_NAME = "$(TARGET_NAME)";
				SWIFT_VERSION = 4.0;
				TARGETED_DEVICE_FAMILY = "1,2";
				TEST_TARGET_NAME = SLBorrow;
			};
			name = Release;
		};
/* End XCBuildConfiguration section */

/* Begin XCConfigurationList section */
		97B06C6A1F0D0FD700FE8588 /* Build configuration list for PBXProject "SLBorrow" */ = {
			isa = XCConfigurationList;
			buildConfigurations = (
				97B06C971F0D0FD800FE8588 /* Debug */,
				97B06C981F0D0FD800FE8588 /* Release */,
			);
			defaultConfigurationIsVisible = 0;
			defaultConfigurationName = Release;
		};
		97B06C991F0D0FD800FE8588 /* Build configuration list for PBXNativeTarget "SLBorrow" */ = {
			isa = XCConfigurationList;
			buildConfigurations = (
				97B06C9A1F0D0FD800FE8588 /* Debug */,
				97B06C9B1F0D0FD800FE8588 /* Release */,
			);
			defaultConfigurationIsVisible = 0;
			defaultConfigurationName = Release;
		};
		97B06C9C1F0D0FD800FE8588 /* Build configuration list for PBXNativeTarget "SLBorrowTests" */ = {
			isa = XCConfigurationList;
			buildConfigurations = (
				97B06C9D1F0D0FD800FE8588 /* Debug */,
				97B06C9E1F0D0FD800FE8588 /* Release */,
			);
			defaultConfigurationIsVisible = 0;
			defaultConfigurationName = Release;
		};
		97B06C9F1F0D0FD800FE8588 /* Build configuration list for PBXNativeTarget "SLBorrowUITests" */ = {
			isa = XCConfigurationList;
			buildConfigurations = (
				97B06CA01F0D0FD800FE8588 /* Debug */,
				97B06CA11F0D0FD800FE8588 /* Release */,
			);
			defaultConfigurationIsVisible = 0;
			defaultConfigurationName = Release;
		};
/* End XCConfigurationList section */
	};
	rootObject = 97B06C671F0D0FD700FE8588 /* Project object */;
}
